
Microsoft Visual Studio Solution File, Format Version 12.00
# Visual Studio Version 17
VisualStudioVersion = 17.3.32929.385
MinimumVisualStudioVersion = 10.0.40219.1
Project("{9A19103F-16F7-4668-BE54-9A1E7A4F7556}") = "Restory_Restaurant_PresentatıonLayer(UI)", "Restory_Restaurant_PresentatıonLayer(UI)\Restory_Restaurant_PresentatıonLayer(UI).csproj", "{B70B40F7-04DE-4673-A542-7BFA9D85ABAB}"
EndProject
Project("{FAE04EC0-301F-11D3-BF4B-00C04F79EFBC}") = "Restory_Restaurant_EntityLayer", "Restory_Restaurant_EntityLayer\Restory_Restaurant_EntityLayer.csproj", "{EB2E95FF-090A-4D42-A9EA-2F89100072C0}"
EndProject
Project("{FAE04EC0-301F-11D3-BF4B-00C04F79EFBC}") = "Restory_Restaurant_BusinessLayer", "Restory_Restaurant_BusinessLayer\Restory_Restaurant_BusinessLayer.csproj", "{083F0F7E-F183-467A-A3DC-6F85804FF2A4}"
EndProject
Project("{FAE04EC0-301F-11D3-BF4B-00C04F79EFBC}") = "Restory_Restaurant_DataAccessLayer", "Restory_Restaurant_DataAccessLayer\Restory_Restaurant_DataAccessLayer.csproj", "{8E03350F-1F99-4EB3-B15E-3CFCC439A4CA}"
EndProject
Global
	GlobalSection(SolutionConfigurationPlatforms) = preSolution
		Debug|Any CPU = Debug|Any CPU
		Release|Any CPU = Release|Any CPU
	EndGlobalSection
	GlobalSection(ProjectConfigurationPlatforms) = postSolution
		{B70B40F7-04DE-4673-A542-7BFA9D85ABAB}.Debug|Any CPU.ActiveCfg = Debug|Any CPU
		{B70B40F7-04DE-4673-A542-7BFA9D85ABAB}.Debug|Any CPU.Build.0 = Debug|Any CPU
		{B70B40F7-04DE-4673-A542-7BFA9D85ABAB}.Release|Any CPU.ActiveCfg = Release|Any CPU
		{B70B40F7-04DE-4673-A542-7BFA9D85ABAB}.Release|Any CPU.Build.0 = Release|Any CPU
		{EB2E95FF-090A-4D42-A9EA-2F89100072C0}.Debug|Any CPU.ActiveCfg = Debug|Any CPU
		{EB2E95FF-090A-4D42-A9EA-2F89100072C0}.Debug|Any CPU.Build.0 = Debug|Any CPU
		{EB2E95FF-090A-4D42-A9EA-2F89100072C0}.Release|Any CPU.ActiveCfg = Release|Any CPU
		{EB2E95FF-090A-4D42-A9EA-2F89100072C0}.Release|Any CPU.Build.0 = Release|Any CPU
		{083F0F7E-F183-467A-A3DC-6F85804FF2A4}.Debug|Any CPU.ActiveCfg = Debug|Any CPU
		{083F0F7E-F183-467A-A3DC-6F85804FF2A4}.Debug|Any CPU.Build.0 = Debug|Any CPU
		{083F0F7E-F183-467A-A3DC-6F85804FF2A4}.Release|Any CPU.ActiveCfg = Release|Any CPU
		{083F0F7E-F183-467A-A3DC-6F85804FF2A4}.Release|Any CPU.Build.0 = Release|Any CPU
		{8E03350F-1F99-4EB3-B15E-3CFCC439A4CA}.Debug|Any CPU.ActiveCfg = Debug|Any CPU
		{8E03350F-1F99-4EB3-B15E-3CFCC439A4CA}.Debug|Any CPU.Build.0 = Debug|Any CPU
		{8E03350F-1F99-4EB3-B15E-3CFCC439A4CA}.Release|Any CPU.ActiveCfg = Release|Any CPU
		{8E03350F-1F99-4EB3-B15E-3CFCC439A4CA}.Release|Any CPU.Build.0 = Release|Any CPU
	EndGlobalSection
	GlobalSection(SolutionProperties) = preSolution
		HideSolutionNode = FALSE
	EndGlobalSection
	GlobalSection(ExtensibilityGlobals) = postSolution
		SolutionGuid = {E2FFAEB1-38EE-402E-931A-4D3B045B8877}
	EndGlobalSection
EndGlobal
